
Microsoft Visual Studio Solution File, Format Version 12.00
# Visual Studio Version 16
VisualStudioVersion = 16.0.30907.101
MinimumVisualStudioVersion = 10.0.40219.1
Project("{FAE04EC0-301F-11D3-BF4B-00C04F79EFBC}") = "PortfolioSite", "PortfolioSite.csproj", "{882ED259-4096-4DAB-87BC-4F8CD09B88E2}"
EndProject
Global
	GlobalSection(SolutionConfigurationPlatforms) = preSolution
		Debug|Any CPU = Debug|Any CPU
		Release|Any CPU = Release|Any CPU
	EndGlobalSection
	GlobalSection(ProjectConfigurationPlatforms) = postSolution
		{882ED259-4096-4DAB-87BC-4F8CD09B88E2}.Debug|Any CPU.ActiveCfg = Debug|Any CPU
		{882ED259-4096-4DAB-87BC-4F8CD09B88E2}.Debug|Any CPU.Build.0 = Debug|Any CPU
		{882ED259-4096-4DAB-87BC-4F8CD09B88E2}.Release|Any CPU.ActiveCfg = Release|Any CPU
		{882ED259-4096-4DAB-87BC-4F8CD09B88E2}.Release|Any CPU.Build.0 = Release|Any CPU
	EndGlobalSection
	GlobalSection(SolutionProperties) = preSolution
		HideSolutionNode = FALSE
	EndGlobalSection
	GlobalSection(ExtensibilityGlobals) = postSolution
		SolutionGuid = {9E8501D4-2DFC-4437-B5C9-8D5AB4F7AD7D}
	EndGlobalSection
EndGlobal
